
Microsoft Visual Studio Solution File, Format Version 12.00
# Visual Studio 2010
Project("{FAE04EC0-301F-11D3-BF4B-00C04F79EFBC}") = "SunflowSharp", "SunflowSharp\SunflowSharp.csproj", "{A6F840FB-74C5-4F9F-9106-B8AE359AB0CB}"
EndProject
Project("{FAE04EC0-301F-11D3-BF4B-00C04F79EFBC}") = "SunflowSharp.Gui", "SunflowSharp.Gui\SunflowSharp.Gui.csproj", "{15FC09D6-0066-4D43-A7B5-59D99BF7B443}"
EndProject
Project("{FAE04EC0-301F-11D3-BF4B-00C04F79EFBC}") = "SunflowSharp.Test", "SunflowSharp.Test\SunflowSharp.Test.csproj", "{0D4A4CCF-CEB7-48CF-9BD1-E68733369DDD}"
EndProject
Project("{2150E333-8FDC-42A3-9474-1A3956D46DE8}") = "Solution Items", "Solution Items", "{0BD12596-7BE0-4616-A8E5-3A7EE12968AB}"
	ProjectSection(SolutionItems) = preProject
		README.md = README.md
		examples\aliens_shiny.sc.gz = examples\aliens_shiny.sc.gz
		examples\bump_demo.sc.gz = examples\bump_demo.sc.gz
		examples\bunny_ibl.sc.gz = examples\bunny_ibl.sc.gz
		examples\cornell_box_jensen.sc.gz = examples\cornell_box_jensen.sc.gz
		examples\gumbo_and_teapot.sc.gz = examples\gumbo_and_teapot.sc.gz
		examples\julia.sc.gz = examples\julia.sc.gz
		examples\sky_small.hdr = examples\sky_small.hdr
		examples\sphereflake.sc = examples\sphereflake.sc
		examples\textures\brick_color.jpg = examples\textures\brick_color.jpg
		examples\textures\brick_normal.jpg = examples\textures\brick_normal.jpg
		examples\textures\dirty_bump.jpg = examples\textures\dirty_bump.jpg
		examples\textures\reptileskin_bump.png = examples\textures\reptileskin_bump.png
		examples\textures\shiphull_bump.png = examples\textures\shiphull_bump.png
		examples\textures\slime_bump.jpg = examples\textures\slime_bump.jpg
		examples\aliens_shiny_180.sc.gz = examples\aliens_shiny_180.sc.gz
	EndProjectSection
EndProject
Project("{FAE04EC0-301F-11D3-BF4B-00C04F79EFBC}") = "PhysicsSim", "PhysicsSim\PhysicsSim.csproj", "{2EAC6C30-9143-46C5-A7BD-57EF8466A451}"
EndProject
Project("{FAE04EC0-301F-11D3-BF4B-00C04F79EFBC}") = "L-System", "L-System\L-System.csproj", "{07D39F87-A712-4AE1-B822-1552FE0D5553}"
EndProject
Global
	GlobalSection(SolutionConfigurationPlatforms) = preSolution
		Debug|x86 = Debug|x86
		Release|x86 = Release|x86
	EndGlobalSection
	GlobalSection(ProjectConfigurationPlatforms) = postSolution
		{0D4A4CCF-CEB7-48CF-9BD1-E68733369DDD}.Debug|x86.ActiveCfg = Debug|Any CPU
		{0D4A4CCF-CEB7-48CF-9BD1-E68733369DDD}.Debug|x86.Build.0 = Debug|Any CPU
		{0D4A4CCF-CEB7-48CF-9BD1-E68733369DDD}.Release|x86.ActiveCfg = Release|Any CPU
		{0D4A4CCF-CEB7-48CF-9BD1-E68733369DDD}.Release|x86.Build.0 = Release|Any CPU
		{15FC09D6-0066-4D43-A7B5-59D99BF7B443}.Debug|x86.ActiveCfg = Debug|Any CPU
		{15FC09D6-0066-4D43-A7B5-59D99BF7B443}.Debug|x86.Build.0 = Debug|Any CPU
		{15FC09D6-0066-4D43-A7B5-59D99BF7B443}.Release|x86.ActiveCfg = Release|Any CPU
		{15FC09D6-0066-4D43-A7B5-59D99BF7B443}.Release|x86.Build.0 = Release|Any CPU
		{A6F840FB-74C5-4F9F-9106-B8AE359AB0CB}.Debug|x86.ActiveCfg = Debug|Any CPU
		{A6F840FB-74C5-4F9F-9106-B8AE359AB0CB}.Debug|x86.Build.0 = Debug|Any CPU
		{A6F840FB-74C5-4F9F-9106-B8AE359AB0CB}.Release|x86.ActiveCfg = Release|Any CPU
		{A6F840FB-74C5-4F9F-9106-B8AE359AB0CB}.Release|x86.Build.0 = Release|Any CPU
		{2EAC6C30-9143-46C5-A7BD-57EF8466A451}.Debug|x86.ActiveCfg = Debug|x86
		{2EAC6C30-9143-46C5-A7BD-57EF8466A451}.Debug|x86.Build.0 = Debug|x86
		{2EAC6C30-9143-46C5-A7BD-57EF8466A451}.Release|x86.ActiveCfg = Release|x86
		{2EAC6C30-9143-46C5-A7BD-57EF8466A451}.Release|x86.Build.0 = Release|x86
		{07D39F87-A712-4AE1-B822-1552FE0D5553}.Debug|x86.ActiveCfg = Debug|x86
		{07D39F87-A712-4AE1-B822-1552FE0D5553}.Debug|x86.Build.0 = Debug|x86
		{07D39F87-A712-4AE1-B822-1552FE0D5553}.Release|x86.ActiveCfg = Release|x86
		{07D39F87-A712-4AE1-B822-1552FE0D5553}.Release|x86.Build.0 = Release|x86
	EndGlobalSection
	GlobalSection(NestedProjects) = preSolution
	EndGlobalSection
	GlobalSection(MonoDevelopProperties) = preSolution
		StartupItem = SunflowSharp.Test\SunflowSharp.Test.csproj
		Policies = $0
		$0.DotNetNamingPolicy = $1
	EndGlobalSection
EndGlobal
